
Microsoft Visual Studio Solution File, Format Version 12.00
# Visual Studio Version 16
VisualStudioVersion = 16.0.31729.503
MinimumVisualStudioVersion = 10.0.40219.1
Project("{9A19103F-16F7-4668-BE54-9A1E7A4F7556}") = "PayGate_SampleCode", "PayGate_SampleCode.csproj", "{4207E3D8-70C2-415E-8E80-996E4A69BFF7}"
EndProject
Global
	GlobalSection(SolutionConfigurationPlatforms) = preSolution
		Debug|Any CPU = Debug|Any CPU
		Release|Any CPU = Release|Any CPU
	EndGlobalSection
	GlobalSection(ProjectConfigurationPlatforms) = postSolution
		{4207E3D8-70C2-415E-8E80-996E4A69BFF7}.Debug|Any CPU.ActiveCfg = Debug|Any CPU
		{4207E3D8-70C2-415E-8E80-996E4A69BFF7}.Debug|Any CPU.Build.0 = Debug|Any CPU
		{4207E3D8-70C2-415E-8E80-996E4A69BFF7}.Release|Any CPU.ActiveCfg = Release|Any CPU
		{4207E3D8-70C2-415E-8E80-996E4A69BFF7}.Release|Any CPU.Build.0 = Release|Any CPU
	EndGlobalSection
	GlobalSection(SolutionProperties) = preSolution
		HideSolutionNode = FALSE
	EndGlobalSection
	GlobalSection(ExtensibilityGlobals) = postSolution
		SolutionGuid = {45BD5E20-BF01-45A0-9C6D-B849E27F4036}
	EndGlobalSection
EndGlobal
